
Microsoft Visual Studio Solution File, Format Version 12.00
# Visual Studio Version 17
VisualStudioVersion = 17.6.33829.357
MinimumVisualStudioVersion = 10.0.40219.1
Project("{FAE04EC0-301F-11D3-BF4B-00C04F79EFBC}") = "CarsWebApp", "CarsWebApp\CarsWebApp.csproj", "{21F47000-FAA7-4270-9F28-81AE38BA2FDC}"
EndProject
Project("{FAE04EC0-301F-11D3-BF4B-00C04F79EFBC}") = "CarsApp.Infrastructure", "CarsApp.Infrastructure\CarsApp.Infrastructure.csproj", "{C098D84D-4369-40BD-8129-286E16AB388E}"
EndProject
Project("{FAE04EC0-301F-11D3-BF4B-00C04F79EFBC}") = "CarApp.Core", "CarApp.Core\CarApp.Core.csproj", "{445A622F-271A-497C-84BF-DA75DB9861B0}"
EndProject
Global
	GlobalSection(SolutionConfigurationPlatforms) = preSolution
		Debug|Any CPU = Debug|Any CPU
		Release|Any CPU = Release|Any CPU
	EndGlobalSection
	GlobalSection(ProjectConfigurationPlatforms) = postSolution
		{21F47000-FAA7-4270-9F28-81AE38BA2FDC}.Debug|Any CPU.ActiveCfg = Debug|Any CPU
		{21F47000-FAA7-4270-9F28-81AE38BA2FDC}.Debug|Any CPU.Build.0 = Debug|Any CPU
		{21F47000-FAA7-4270-9F28-81AE38BA2FDC}.Release|Any CPU.ActiveCfg = Release|Any CPU
		{21F47000-FAA7-4270-9F28-81AE38BA2FDC}.Release|Any CPU.Build.0 = Release|Any CPU
		{C098D84D-4369-40BD-8129-286E16AB388E}.Debug|Any CPU.ActiveCfg = Debug|Any CPU
		{C098D84D-4369-40BD-8129-286E16AB388E}.Debug|Any CPU.Build.0 = Debug|Any CPU
		{C098D84D-4369-40BD-8129-286E16AB388E}.Release|Any CPU.ActiveCfg = Release|Any CPU
		{C098D84D-4369-40BD-8129-286E16AB388E}.Release|Any CPU.Build.0 = Release|Any CPU
		{445A622F-271A-497C-84BF-DA75DB9861B0}.Debug|Any CPU.ActiveCfg = Debug|Any CPU
		{445A622F-271A-497C-84BF-DA75DB9861B0}.Debug|Any CPU.Build.0 = Debug|Any CPU
		{445A622F-271A-497C-84BF-DA75DB9861B0}.Release|Any CPU.ActiveCfg = Release|Any CPU
		{445A622F-271A-497C-84BF-DA75DB9861B0}.Release|Any CPU.Build.0 = Release|Any CPU
	EndGlobalSection
	GlobalSection(SolutionProperties) = preSolution
		HideSolutionNode = FALSE
	EndGlobalSection
	GlobalSection(ExtensibilityGlobals) = postSolution
		SolutionGuid = {DE512A22-16EA-4E83-AB6D-04C5B49763B8}
	EndGlobalSection
EndGlobal
